// !$*UTF8*$!
{
	archiveVersion = 1;
	classes = {
	};
	objectVersion = 55;
	objects = {

/* Begin PBXBuildFile section */
		1A885B752864D4080074A5E9 /* ThingsApp.swift in Sources */ = {isa = PBXBuildFile; fileRef = 1A885B652864D4070074A5E9 /* ThingsApp.swift */; };
		1A885B762864D4080074A5E9 /* ThingsApp.swift in Sources */ = {isa = PBXBuildFile; fileRef = 1A885B652864D4070074A5E9 /* ThingsApp.swift */; };
		1A885B772864D4080074A5E9 /* ContentView.swift in Sources */ = {isa = PBXBuildFile; fileRef = 1A885B662864D4070074A5E9 /* ContentView.swift */; };
		1A885B782864D4080074A5E9 /* ContentView.swift in Sources */ = {isa = PBXBuildFile; fileRef = 1A885B662864D4070074A5E9 /* ContentView.swift */; };
		1A885B792864D4080074A5E9 /* Assets.xcassets in Resources */ = {isa = PBXBuildFile; fileRef = 1A885B672864D4080074A5E9 /* Assets.xcassets */; };
		1A885B7A2864D4080074A5E9 /* Assets.xcassets in Resources */ = {isa = PBXBuildFile; fileRef = 1A885B672864D4080074A5E9 /* Assets.xcassets */; };
		9CD5C85EEEF775E91615975B /* Pods_Things__macOS_.framework in Frameworks */ = {isa = PBXBuildFile; fileRef = 28D2EDFBADECDB8851A8C6FF /* Pods_Things__macOS_.framework */; };
		AC31F83271BBC69B3602593F /* Pods_Things__iOS_.framework in Frameworks */ = {isa = PBXBuildFile; fileRef = A2207FEA6FFFADA11F8BC793 /* Pods_Things__iOS_.framework */; };
/* End PBXBuildFile section */

/* Begin PBXFileReference section */
		1A885B652864D4070074A5E9 /* ThingsApp.swift */ = {isa = PBXFileReference; lastKnownFileType = sourcecode.swift; path = ThingsApp.swift; sourceTree = "<group>"; };
		1A885B662864D4070074A5E9 /* ContentView.swift */ = {isa = PBXFileReference; lastKnownFileType = sourcecode.swift; path = ContentView.swift; sourceTree = "<group>"; };
		1A885B672864D4080074A5E9 /* Assets.xcassets */ = {isa = PBXFileReference; lastKnownFileType = folder.assetcatalog; path = Assets.xcassets; sourceTree = "<group>"; };
		1A885B6C2864D4080074A5E9 /* Things.app */ = {isa = PBXFileReference; explicitFileType = wrapper.application; includeInIndex = 0; path = Things.app; sourceTree = BUILT_PRODUCTS_DIR; };
		1A885B722864D4080074A5E9 /* Things.app */ = {isa = PBXFileReference; explicitFileType = wrapper.application; includeInIndex = 0; path = Things.app; sourceTree = BUILT_PRODUCTS_DIR; };
		1A885B742864D4080074A5E9 /* macOS.entitlements */ = {isa = PBXFileReference; lastKnownFileType = text.plist.entitlements; path = macOS.entitlements; sourceTree = "<group>"; };
		23D5F83ED89A59041AAA8C2F /* Pods-Things (iOS).debug.xcconfig */ = {isa = PBXFileReference; includeInIndex = 1; lastKnownFileType = text.xcconfig; name = "Pods-Things (iOS).debug.xcconfig"; path = "Target Support Files/Pods-Things (iOS)/Pods-Things (iOS).debug.xcconfig"; sourceTree = "<group>"; };
		28D2EDFBADECDB8851A8C6FF /* Pods_Things__macOS_.framework */ = {isa = PBXFileReference; explicitFileType = wrapper.framework; includeInIndex = 0; path = Pods_Things__macOS_.framework; sourceTree = BUILT_PRODUCTS_DIR; };
		431338811F6590A5D12C30F4 /* Pods-Things (macOS).release.xcconfig */ = {isa = PBXFileReference; includeInIndex = 1; lastKnownFileType = text.xcconfig; name = "Pods-Things (macOS).release.xcconfig"; path = "Target Support Files/Pods-Things (macOS)/Pods-Things (macOS).release.xcconfig"; sourceTree = "<group>"; };
		A2207FEA6FFFADA11F8BC793 /* Pods_Things__iOS_.framework */ = {isa = PBXFileReference; explicitFileType = wrapper.framework; includeInIndex = 0; path = Pods_Things__iOS_.framework; sourceTree = BUILT_PRODUCTS_DIR; };
		B328A0E435C53C661C5280DD /* Pods-Things (iOS).release.xcconfig */ = {isa = PBXFileReference; includeInIndex = 1; lastKnownFileType = text.xcconfig; name = "Pods-Things (iOS).release.xcconfig"; path = "Target Support Files/Pods-Things (iOS)/Pods-Things (iOS).release.xcconfig"; sourceTree = "<group>"; };
		D07AAA4B82ECFC888971741C /* Pods-Things (macOS).debug.xcconfig */ = {isa = PBXFileReference; includeInIndex = 1; lastKnownFileType = text.xcconfig; name = "Pods-Things (macOS).debug.xcconfig"; path = "Target Support Files/Pods-Things (macOS)/Pods-Things (macOS).debug.xcconfig"; sourceTree = "<group>"; };
/* End PBXFileReference section */

/* Begin PBXFrameworksBuildPhase section */
		1A885B692864D4080074A5E9 /* Frameworks */ = {
			isa = PBXFrameworksBuildPhase;
			buildActionMask = 2147483647;
			files = (
				AC31F83271BBC69B3602593F /* Pods_Things__iOS_.framework in Frameworks */,
			);
			runOnlyForDeploymentPostprocessing = 0;
		};
		1A885B6F2864D4080074A5E9 /* Frameworks */ = {
			isa = PBXFrameworksBuildPhase;
			buildActionMask = 2147483647;
			files = (
				9CD5C85EEEF775E91615975B /* Pods_Things__macOS_.framework in Frameworks */,
			);
			runOnlyForDeploymentPostprocessing = 0;
		};
/* End PBXFrameworksBuildPhase section */

/* Begin PBXGroup section */
		1A885B5F2864D4070074A5E9 = {
			isa = PBXGroup;
			children = (
				1A885B642864D4070074A5E9 /* Shared */,
				1A885B732864D4080074A5E9 /* macOS */,
				1A885B6D2864D4080074A5E9 /* Products */,
				DB3FA4C86AED27FA3368DC12 /* Pods */,
				420A69D5EF46A20C9E6CCC1F /* Frameworks */,
			);
			sourceTree = "<group>";
		};
		1A885B642864D4070074A5E9 /* Shared */ = {
			isa = PBXGroup;
			children = (
				1A885B652864D4070074A5E9 /* ThingsApp.swift */,
				1A885B662864D4070074A5E9 /* ContentView.swift */,
				1A885B672864D4080074A5E9 /* Assets.xcassets */,
			);
			path = Shared;
			sourceTree = "<group>";
		};
		1A885B6D2864D4080074A5E9 /* Products */ = {
			isa = PBXGroup;
			children = (
				1A885B6C2864D4080074A5E9 /* Things.app */,
				1A885B722864D4080074A5E9 /* Things.app */,
			);
			name = Products;
			sourceTree = "<group>";
		};
		1A885B732864D4080074A5E9 /* macOS */ = {
			isa = PBXGroup;
			children = (
				1A885B742864D4080074A5E9 /* macOS.entitlements */,
			);
			path = macOS;
			sourceTree = "<group>";
		};
		420A69D5EF46A20C9E6CCC1F /* Frameworks */ = {
			isa = PBXGroup;
			children = (
				A2207FEA6FFFADA11F8BC793 /* Pods_Things__iOS_.framework */,
				28D2EDFBADECDB8851A8C6FF /* Pods_Things__macOS_.framework */,
			);
			name = Frameworks;
			sourceTree = "<group>";
		};
		DB3FA4C86AED27FA3368DC12 /* Pods */ = {
			isa = PBXGroup;
			children = (
				23D5F83ED89A59041AAA8C2F /* Pods-Things (iOS).debug.xcconfig */,
				B328A0E435C53C661C5280DD /* Pods-Things (iOS).release.xcconfig */,
				D07AAA4B82ECFC888971741C /* Pods-Things (macOS).debug.xcconfig */,
				431338811F6590A5D12C30F4 /* Pods-Things (macOS).release.xcconfig */,
			);
			name = Pods;
			path = Pods;
			sourceTree = "<group>";
		};
/* End PBXGroup section */

/* Begin PBXNativeTarget section */
		1A885B6B2864D4080074A5E9 /* Things (iOS) */ = {
			isa = PBXNativeTarget;
			buildConfigurationList = 1A885B7D2864D4080074A5E9 /* Build configuration list for PBXNativeTarget "Things (iOS)" */;
			buildPhases = (
				B0DBA32A99558478082150D4 /* [CP] Check Pods Manifest.lock */,
				1A885B682864D4080074A5E9 /* Sources */,
				1A885B692864D4080074A5E9 /* Frameworks */,
				1A885B6A2864D4080074A5E9 /* Resources */,
				31B614B10D7F9C19BD5D02D8 /* [CP] Embed Pods Frameworks */,
			);
			buildRules = (
			);
			dependencies = (
			);
			name = "Things (iOS)";
			productName = "Things (iOS)";
			productReference = 1A885B6C2864D4080074A5E9 /* Things.app */;
			productType = "com.apple.product-type.application";
		};
		1A885B712864D4080074A5E9 /* Things (macOS) */ = {
			isa = PBXNativeTarget;
			buildConfigurationList = 1A885B802864D4080074A5E9 /* Build configuration list for PBXNativeTarget "Things (macOS)" */;
			buildPhases = (
				759B77CEC789E41FC92BB1CA /* [CP] Check Pods Manifest.lock */,
				1A885B6E2864D4080074A5E9 /* Sources */,
				1A885B6F2864D4080074A5E9 /* Frameworks */,
				1A885B702864D4080074A5E9 /* Resources */,
				D14AA8C7CD1C8224D99C089F /* [CP] Embed Pods Frameworks */,
			);
			buildRules = (
			);
			dependencies = (
			);
			name = "Things (macOS)";
			productName = "Things (macOS)";
			productReference = 1A885B722864D4080074A5E9 /* Things.app */;
			productType = "com.apple.product-type.application";
		};
/* End PBXNativeTarget section */

/* Begin PBXProject section */
		1A885B602864D4070074A5E9 /* Project object */ = {
			isa = PBXProject;
			attributes = {
				BuildIndependentTargetsInParallel = 1;
				LastSwiftUpdateCheck = 1340;
				LastUpgradeCheck = 1340;
				TargetAttributes = {
					1A885B6B2864D4080074A5E9 = {
						CreatedOnToolsVersion = 13.4.1;
					};
					1A885B712864D4080074A5E9 = {
						CreatedOnToolsVersion = 13.4.1;
					};
				};
			};
			buildConfigurationList = 1A885B632864D4070074A5E9 /* Build configuration list for PBXProject "Things" */;
			compatibilityVersion = "Xcode 13.0";
			developmentRegion = en;
			hasScannedForEncodings = 0;
			knownRegions = (
				en,
				Base,
			);
			mainGroup = 1A885B5F2864D4070074A5E9;
			productRefGroup = 1A885B6D2864D4080074A5E9 /* Products */;
			projectDirPath = "";
			projectRoot = "";
			targets = (
				1A885B6B2864D4080074A5E9 /* Things (iOS) */,
				1A885B712864D4080074A5E9 /* Things (macOS) */,
			);
		};
/* End PBXProject section */

/* Begin PBXResourcesBuildPhase section */
		1A885B6A2864D4080074A5E9 /* Resources */ = {
			isa = PBXResourcesBuildPhase;
			buildActionMask = 2147483647;
			files = (
				1A885B792864D4080074A5E9 /* Assets.xcassets in Resources */,
			);
			runOnlyForDeploymentPostprocessing = 0;
		};
		1A885B702864D4080074A5E9 /* Resources */ = {
			isa = PBXResourcesBuildPhase;
			buildActionMask = 2147483647;
			files = (
				1A885B7A2864D4080074A5E9 /* Assets.xcassets in Resources */,
			);
			runOnlyForDeploymentPostprocessing = 0;
		};
/* End PBXResourcesBuildPhase section */

/* Begin PBXShellScriptBuildPhase section */
		31B614B10D7F9C19BD5D02D8 /* [CP] Embed Pods Frameworks */ = {
			isa = PBXShellScriptBuildPhase;
			buildActionMask = 2147483647;
			files = (
			);
			inputFileListPaths = (
				"${PODS_ROOT}/Target Support Files/Pods-Things (iOS)/Pods-Things (iOS)-frameworks-${CONFIGURATION}-input-files.xcfilelist",
			);
			name = "[CP] Embed Pods Frameworks";
			outputFileListPaths = (
				"${PODS_ROOT}/Target Support Files/Pods-Things (iOS)/Pods-Things (iOS)-frameworks-${CONFIGURATION}-output-files.xcfilelist",
			);
			runOnlyForDeploymentPostprocessing = 0;
			shellPath = /bin/sh;
			shellScript = "\"${PODS_ROOT}/Target Support Files/Pods-Things (iOS)/Pods-Things (iOS)-frameworks.sh\"\n";
			showEnvVarsInLog = 0;
		};
		759B77CEC789E41FC92BB1CA /* [CP] Check Pods Manifest.lock */ = {
			isa = PBXShellScriptBuildPhase;
			buildActionMask = 2147483647;
			files = (
			);
			inputFileListPaths = (
			);
			inputPaths = (
				"${PODS_PODFILE_DIR_PATH}/Podfile.lock",
				"${PODS_ROOT}/Manifest.lock",
			);
			name = "[CP] Check Pods Manifest.lock";
			outputFileListPaths = (
			);
			outputPaths = (
				"$(DERIVED_FILE_DIR)/Pods-Things (macOS)-checkManifestLockResult.txt",
			);
			runOnlyForDeploymentPostprocessing = 0;
			shellPath = /bin/sh;
			shellScript = "diff \"${PODS_PODFILE_DIR_PATH}/Podfile.lock\" \"${PODS_ROOT}/Manifest.lock\" > /dev/null\nif [ $? != 0 ] ; then\n    # print error to STDERR\n    echo \"error: The sandbox is not in sync with the Podfile.lock. Run 'pod install' or update your CocoaPods installation.\" >&2\n    exit 1\nfi\n# This output is used by Xcode 'outputs' to avoid re-running this script phase.\necho \"SUCCESS\" > \"${SCRIPT_OUTPUT_FILE_0}\"\n";
			showEnvVarsInLog = 0;
		};
		B0DBA32A99558478082150D4 /* [CP] Check Pods Manifest.lock */ = {
			isa = PBXShellScriptBuildPhase;
			buildActionMask = 2147483647;
			files = (
			);
			inputFileListPaths = (
			);
			inputPaths = (
				"${PODS_PODFILE_DIR_PATH}/Podfile.lock",
				"${PODS_ROOT}/Manifest.lock",
			);
			name = "[CP] Check Pods Manifest.lock";
			outputFileListPaths = (
			);
			outputPaths = (
				"$(DERIVED_FILE_DIR)/Pods-Things (iOS)-checkManifestLockResult.txt",
			);
			runOnlyForDeploymentPostprocessing = 0;
			shellPath = /bin/sh;
			shellScript = "diff \"${PODS_PODFILE_DIR_PATH}/Podfile.lock\" \"${PODS_ROOT}/Manifest.lock\" > /dev/null\nif [ $? != 0 ] ; then\n    # print error to STDERR\n    echo \"error: The sandbox is not in sync with the Podfile.lock. Run 'pod install' or update your CocoaPods installation.\" >&2\n    exit 1\nfi\n# This output is used by Xcode 'outputs' to avoid re-running this script phase.\necho \"SUCCESS\" > \"${SCRIPT_OUTPUT_FILE_0}\"\n";
			showEnvVarsInLog = 0;
		};
		D14AA8C7CD1C8224D99C089F /* [CP] Embed Pods Frameworks */ = {
			isa = PBXShellScriptBuildPhase;
			buildActionMask = 2147483647;
			files = (
			);
			inputFileListPaths = (
				"${PODS_ROOT}/Target Support Files/Pods-Things (macOS)/Pods-Things (macOS)-frameworks-${CONFIGURATION}-input-files.xcfilelist",
			);
			name = "[CP] Embed Pods Frameworks";
			outputFileListPaths = (
				"${PODS_ROOT}/Target Support Files/Pods-Things (macOS)/Pods-Things (macOS)-frameworks-${CONFIGURATION}-output-files.xcfilelist",
			);
			runOnlyForDeploymentPostprocessing = 0;
			shellPath = /bin/sh;
			shellScript = "\"${PODS_ROOT}/Target Support Files/Pods-Things (macOS)/Pods-Things (macOS)-frameworks.sh\"\n";
			showEnvVarsInLog = 0;
		};
/* End PBXShellScriptBuildPhase section */

/* Begin PBXSourcesBuildPhase section */
		1A885B682864D4080074A5E9 /* Sources */ = {
			isa = PBXSourcesBuildPhase;
			buildActionMask = 2147483647;
			files = (
				1A885B772864D4080074A5E9 /* ContentView.swift in Sources */,
				1A885B752864D4080074A5E9 /* ThingsApp.swift in Sources */,
			);
			runOnlyForDeploymentPostprocessing = 0;
		};
		1A885B6E2864D4080074A5E9 /* Sources */ = {
			isa = PBXSourcesBuildPhase;
			buildActionMask = 2147483647;
			files = (
				1A885B782864D4080074A5E9 /* ContentView.swift in Sources */,
				1A885B762864D4080074A5E9 /* ThingsApp.swift in Sources */,
			);
			runOnlyForDeploymentPostprocessing = 0;
		};
/* End PBXSourcesBuildPhase section */

/* Begin XCBuildConfiguration section */
		1A885B7B2864D4080074A5E9 /* Debug */ = {
			isa = XCBuildConfiguration;
			buildSettings = {
				ALWAYS_SEARCH_USER_PATHS = NO;
				CLANG_ANALYZER_NONNULL = YES;
				CLANG_ANALYZER_NUMBER_OBJECT_CONVERSION = YES_AGGRESSIVE;
				CLANG_CXX_LANGUAGE_STANDARD = "gnu++17";
				CLANG_ENABLE_MODULES = YES;
				CLANG_ENABLE_OBJC_ARC = YES;
				CLANG_ENABLE_OBJC_WEAK = YES;
				CLANG_WARN_BLOCK_CAPTURE_AUTORELEASING = YES;
				CLANG_WARN_BOOL_CONVERSION = YES;
				CLANG_WARN_COMMA = YES;
				CLANG_WARN_CONSTANT_CONVERSION = YES;
				CLANG_WARN_DEPRECATED_OBJC_IMPLEMENTATIONS = YES;
				CLANG_WARN_DIRECT_OBJC_ISA_USAGE = YES_ERROR;
				CLANG_WARN_DOCUMENTATION_COMMENTS = YES;
				CLANG_WARN_EMPTY_BODY = YES;
				CLANG_WARN_ENUM_CONVERSION = YES;
				CLANG_WARN_INFINITE_RECURSION = YES;
				CLANG_WARN_INT_CONVERSION = YES;
				CLANG_WARN_NON_LITERAL_NULL_CONVERSION = YES;
				CLANG_WARN_OBJC_IMPLICIT_RETAIN_SELF = YES;
				CLANG_WARN_OBJC_LITERAL_CONVERSION = YES;
				CLANG_WARN_OBJC_ROOT_CLASS = YES_ERROR;
				CLANG_WARN_QUOTED_INCLUDE_IN_FRAMEWORK_HEADER = YES;
				CLANG_WARN_RANGE_LOOP_ANALYSIS = YES;
				CLANG_WARN_STRICT_PROTOTYPES = YES;
				CLANG_WARN_SUSPICIOUS_MOVE = YES;
				CLANG_WARN_UNGUARDED_AVAILABILITY = YES_AGGRESSIVE;
				CLANG_WARN_UNREACHABLE_CODE = YES;
				CLANG_WARN__DUPLICATE_METHOD_MATCH = YES;
				COPY_PHASE_STRIP = NO;
				DEBUG_INFORMATION_FORMAT = dwarf;
				ENABLE_STRICT_OBJC_MSGSEND = YES;
				ENABLE_TESTABILITY = YES;
				GCC_C_LANGUAGE_STANDARD = gnu11;
				GCC_DYNAMIC_NO_PIC = NO;
				GCC_NO_COMMON_BLOCKS = YES;
				GCC_OPTIMIZATION_LEVEL = 0;
				GCC_PREPROCESSOR_DEFINITIONS = (
					"DEBUG=1",
					"$(inherited)",
				);
				GCC_WARN_64_TO_32_BIT_CONVERSION = YES;
				GCC_WARN_ABOUT_RETURN_TYPE = YES_ERROR;
				GCC_WARN_UNDECLARED_SELECTOR = YES;
				GCC_WARN_UNINITIALIZED_AUTOS = YES_AGGRESSIVE;
				GCC_WARN_UNUSED_FUNCTION = YES;
				GCC_WARN_UNUSED_VARIABLE = YES;
				MTL_ENABLE_DEBUG_INFO = INCLUDE_SOURCE;
				MTL_FAST_MATH = YES;
				ONLY_ACTIVE_ARCH = YES;
				SWIFT_ACTIVE_COMPILATION_CONDITIONS = DEBUG;
				SWIFT_OPTIMIZATION_LEVEL = "-Onone";
			};
			name = Debug;
		};
		1A885B7C2864D4080074A5E9 /* Release */ = {
			isa = XCBuildConfiguration;
			buildSettings = {
				ALWAYS_SEARCH_USER_PATHS = NO;
				CLANG_ANALYZER_NONNULL = YES;
				CLANG_ANALYZER_NUMBER_OBJECT_CONVERSION = YES_AGGRESSIVE;
				CLANG_CXX_LANGUAGE_STANDARD = "gnu++17";
				CLANG_ENABLE_MODULES = YES;
				CLANG_ENABLE_OBJC_ARC = YES;
				CLANG_ENABLE_OBJC_WEAK = YES;
				CLANG_WARN_BLOCK_CAPTURE_AUTORELEASING = YES;
				CLANG_WARN_BOOL_CONVERSION = YES;
				CLANG_WARN_COMMA = YES;
				CLANG_WARN_CONSTANT_CONVERSION = YES;
				CLANG_WARN_DEPRECATED_OBJC_IMPLEMENTATIONS = YES;
				CLANG_WARN_DIRECT_OBJC_ISA_USAGE = YES_ERROR;
				CLANG_WARN_DOCUMENTATION_COMMENTS = YES;
				CLANG_WARN_EMPTY_BODY = YES;
				CLANG_WARN_ENUM_CONVERSION = YES;
				CLANG_WARN_INFINITE_RECURSION = YES;
				CLANG_WARN_INT_CONVERSION = YES;
				CLANG_WARN_NON_LITERAL_NULL_CONVERSION = YES;
				CLANG_WARN_OBJC_IMPLICIT_RETAIN_SELF = YES;
				CLANG_WARN_OBJC_LITERAL_CONVERSION = YES;
				CLANG_WARN_OBJC_ROOT_CLASS = YES_ERROR;
				CLANG_WARN_QUOTED_INCLUDE_IN_FRAMEWORK_HEADER = YES;
				CLANG_WARN_RANGE_LOOP_ANALYSIS = YES;
				CLANG_WARN_STRICT_PROTOTYPES = YES;
				CLANG_WARN_SUSPICIOUS_MOVE = YES;
				CLANG_WARN_UNGUARDED_AVAILABILITY = YES_AGGRESSIVE;
				CLANG_WARN_UNREACHABLE_CODE = YES;
				CLANG_WARN__DUPLICATE_METHOD_MATCH = YES;
				COPY_PHASE_STRIP = NO;
				DEBUG_INFORMATION_FORMAT = "dwarf-with-dsym";
				ENABLE_NS_ASSERTIONS = NO;
				ENABLE_STRICT_OBJC_MSGSEND = YES;
				GCC_C_LANGUAGE_STANDARD = gnu11;
				GCC_NO_COMMON_BLOCKS = YES;
				GCC_WARN_64_TO_32_BIT_CONVERSION = YES;
				GCC_WARN_ABOUT_RETURN_TYPE = YES_ERROR;
				GCC_WARN_UNDECLARED_SELECTOR = YES;
				GCC_WARN_UNINITIALIZED_AUTOS = YES_AGGRESSIVE;
				GCC_WARN_UNUSED_FUNCTION = YES;
				GCC_WARN_UNUSED_VARIABLE = YES;
				MTL_ENABLE_DEBUG_INFO = NO;
				MTL_FAST_MATH = YES;
				SWIFT_COMPILATION_MODE = wholemodule;
				SWIFT_OPTIMIZATION_LEVEL = "-O";
			};
			name = Release;
		};
		1A885B7E2864D4080074A5E9 /* Debug */ = {
			isa = XCBuildConfiguration;
			baseConfigurationReference = 23D5F83ED89A59041AAA8C2F /* Pods-Things (iOS).debug.xcconfig */;
			buildSettings = {
				ASSETCATALOG_COMPILER_APPICON_NAME = AppIcon;
				ASSETCATALOG_COMPILER_GLOBAL_ACCENT_COLOR_NAME = AccentColor;
				CODE_SIGN_STYLE = Automatic;
				CURRENT_PROJECT_VERSION = 1;
				ENABLE_PREVIEWS = YES;
				GENERATE_INFOPLIST_FILE = YES;
				INFOPLIST_KEY_UIApplicationSceneManifest_Generation = YES;
				INFOPLIST_KEY_UIApplicationSupportsIndirectInputEvents = YES;
				INFOPLIST_KEY_UILaunchScreen_Generation = YES;
				INFOPLIST_KEY_UISupportedInterfaceOrientations_iPad = "UIInterfaceOrientationPortrait UIInterfaceOrientationPortraitUpsideDown UIInterfaceOrientationLandscapeLeft UIInterfaceOrientationLandscapeRight";
				INFOPLIST_KEY_UISupportedInterfaceOrientations_iPhone = "UIInterfaceOrientationPortrait UIInterfaceOrientationLandscapeLeft UIInterfaceOrientationLandscapeRight";
				IPHONEOS_DEPLOYMENT_TARGET = 15.5;
				LD_RUNPATH_SEARCH_PATHS = (
					"$(inherited)",
					"@executable_path/Frameworks",
				);
				MARKETING_VERSION = 1.0;
				PRODUCT_BUNDLE_IDENTIFIER = com.smolck.Things;
				PRODUCT_NAME = Things;
				SDKROOT = iphoneos;
				SWIFT_EMIT_LOC_STRINGS = YES;
				SWIFT_VERSION = 5.0;
				TARGETED_DEVICE_FAMILY = "1,2";
			};
			name = Debug;
		};
		1A885B7F2864D4080074A5E9 /* Release */ = {
			isa = XCBuildConfiguration;
			baseConfigurationReference = B328A0E435C53C661C5280DD /* Pods-Things (iOS).release.xcconfig */;
			buildSettings = {
				ASSETCATALOG_COMPILER_APPICON_NAME = AppIcon;
				ASSETCATALOG_COMPILER_GLOBAL_ACCENT_COLOR_NAME = AccentColor;
				CODE_SIGN_STYLE = Automatic;
				CURRENT_PROJECT_VERSION = 1;
				ENABLE_PREVIEWS = YES;
				GENERATE_INFOPLIST_FILE = YES;
				INFOPLIST_KEY_UIApplicationSceneManifest_Generation = YES;
				INFOPLIST_KEY_UIApplicationSupportsIndirectInputEvents = YES;
				INFOPLIST_KEY_UILaunchScreen_Generation = YES;
				INFOPLIST_KEY_UISupportedInterfaceOrientations_iPad = "UIInterfaceOrientationPortrait UIInterfaceOrientationPortraitUpsideDown UIInterfaceOrientationLandscapeLeft UIInterfaceOrientationLandscapeRight";
				INFOPLIST_KEY_UISupportedInterfaceOrientations_iPhone = "UIInterfaceOrientationPortrait UIInterfaceOrientationLandscapeLeft UIInterfaceOrientationLandscapeRight";
				IPHONEOS_DEPLOYMENT_TARGET = 15.5;
				LD_RUNPATH_SEARCH_PATHS = (
					"$(inherited)",
					"@executable_path/Frameworks",
				);
				MARKETING_VERSION = 1.0;
				PRODUCT_BUNDLE_IDENTIFIER = com.smolck.Things;
				PRODUCT_NAME = Things;
				SDKROOT = iphoneos;
				SWIFT_EMIT_LOC_STRINGS = YES;
				SWIFT_VERSION = 5.0;
				TARGETED_DEVICE_FAMILY = "1,2";
				VALIDATE_PRODUCT = YES;
			};
			name = Release;
		};
		1A885B812864D4080074A5E9 /* Debug */ = {
			isa = XCBuildConfiguration;
			baseConfigurationReference = D07AAA4B82ECFC888971741C /* Pods-Things (macOS).debug.xcconfig */;
			buildSettings = {
				ASSETCATALOG_COMPILER_APPICON_NAME = AppIcon;
				ASSETCATALOG_COMPILER_GLOBAL_ACCENT_COLOR_NAME = AccentColor;
				CODE_SIGN_ENTITLEMENTS = macOS/macOS.entitlements;
				CODE_SIGN_STYLE = Automatic;
				COMBINE_HIDPI_IMAGES = YES;
				CURRENT_PROJECT_VERSION = 1;
				ENABLE_PREVIEWS = YES;
				GENERATE_INFOPLIST_FILE = YES;
				INFOPLIST_KEY_NSHumanReadableCopyright = "";
				LD_RUNPATH_SEARCH_PATHS = (
					"$(inherited)",
					"@executable_path/../Frameworks",
				);
				MACOSX_DEPLOYMENT_TARGET = 12.3;
				MARKETING_VERSION = 1.0;
				PRODUCT_BUNDLE_IDENTIFIER = com.smolck.Things;
				PRODUCT_NAME = Things;
				SDKROOT = macosx;
				SWIFT_EMIT_LOC_STRINGS = YES;
				SWIFT_VERSION = 5.0;
			};
			name = Debug;
		};
		1A885B822864D4080074A5E9 /* Release */ = {
			isa = XCBuildConfiguration;
			baseConfigurationReference = 431338811F6590A5D12C30F4 /* Pods-Things (macOS).release.xcconfig */;
			buildSettings = {
				ASSETCATALOG_COMPILER_APPICON_NAME = AppIcon;
				ASSETCATALOG_COMPILER_GLOBAL_ACCENT_COLOR_NAME = AccentColor;
				CODE_SIGN_ENTITLEMENTS = macOS/macOS.entitlements;
				CODE_SIGN_STYLE = Automatic;
				COMBINE_HIDPI_IMAGES = YES;
				CURRENT_PROJECT_VERSION = 1;
				ENABLE_PREVIEWS = YES;
				GENERATE_INFOPLIST_FILE = YES;
				INFOPLIST_KEY_NSHumanReadableCopyright = "";
				LD_RUNPATH_SEARCH_PATHS = (
					"$(inherited)",
					"@executable_path/../Frameworks",
				);
				MACOSX_DEPLOYMENT_TARGET = 12.3;
				MARKETING_VERSION = 1.0;
				PRODUCT_BUNDLE_IDENTIFIER = com.smolck.Things;
				PRODUCT_NAME = Things;
				SDKROOT = macosx;
				SWIFT_EMIT_LOC_STRINGS = YES;
				SWIFT_VERSION = 5.0;
			};
			name = Release;
		};
/* End XCBuildConfiguration section */

/* Begin XCConfigurationList section */
		1A885B632864D4070074A5E9 /* Build configuration list for PBXProject "Things" */ = {
			isa = XCConfigurationList;
			buildConfigurations = (
				1A885B7B2864D4080074A5E9 /* Debug */,
				1A885B7C2864D4080074A5E9 /* Release */,
			);
			defaultConfigurationIsVisible = 0;
			defaultConfigurationName = Release;
		};
		1A885B7D2864D4080074A5E9 /* Build configuration list for PBXNativeTarget "Things (iOS)" */ = {
			isa = XCConfigurationList;
			buildConfigurations = (
				1A885B7E2864D4080074A5E9 /* Debug */,
				1A885B7F2864D4080074A5E9 /* Release */,
			);
			defaultConfigurationIsVisible = 0;
			defaultConfigurationName = Release;
		};
		1A885B802864D4080074A5E9 /* Build configuration list for PBXNativeTarget "Things (macOS)" */ = {
			isa = XCConfigurationList;
			buildConfigurations = (
				1A885B812864D4080074A5E9 /* Debug */,
				1A885B822864D4080074A5E9 /* Release */,
			);
			defaultConfigurationIsVisible = 0;
			defaultConfigurationName = Release;
		};
/* End XCConfigurationList section */
	};
	rootObject = 1A885B602864D4070074A5E9 /* Project object */;
}
